// !$*UTF8*$!
{
	archiveVersion = 1;
	classes = {
	};
	objectVersion = 50;
	objects = {

/* Begin PBXBuildFile section */
		60EE7367265BDB93006D497A /* AppDelegate.swift in Sources */ = {isa = PBXBuildFile; fileRef = 60EE7366265BDB93006D497A /* AppDelegate.swift */; };
		60EE7370265BDB99006D497A /* Assets.xcassets in Resources */ = {isa = PBXBuildFile; fileRef = 60EE736F265BDB99006D497A /* Assets.xcassets */; };
		60EE7373265BDB99006D497A /* LaunchScreen.storyboard in Resources */ = {isa = PBXBuildFile; fileRef = 60EE7371265BDB99006D497A /* LaunchScreen.storyboard */; };
		60EE739B265D4AA8006D497A /* HomeViewController.swift in Sources */ = {isa = PBXBuildFile; fileRef = 60EE7399265D4AA8006D497A /* HomeViewController.swift */; };
		60EE739C265D4AA8006D497A /* HomeViewController.xib in Resources */ = {isa = PBXBuildFile; fileRef = 60EE739A265D4AA8006D497A /* HomeViewController.xib */; };
		60EE73A2265E6A8C006D497A /* MovieGenreTableViewCell.swift in Sources */ = {isa = PBXBuildFile; fileRef = 60EE73A0265E6A8B006D497A /* MovieGenreTableViewCell.swift */; };
		60EE73A3265E6A8C006D497A /* MovieGenreTableViewCell.xib in Resources */ = {isa = PBXBuildFile; fileRef = 60EE73A1265E6A8B006D497A /* MovieGenreTableViewCell.xib */; };
/* End PBXBuildFile section */

/* Begin PBXFileReference section */
		60EE7363265BDB93006D497A /* GoMovie.app */ = {isa = PBXFileReference; explicitFileType = wrapper.application; includeInIndex = 0; path = GoMovie.app; sourceTree = BUILT_PRODUCTS_DIR; };
		60EE7366265BDB93006D497A /* AppDelegate.swift */ = {isa = PBXFileReference; lastKnownFileType = sourcecode.swift; path = AppDelegate.swift; sourceTree = "<group>"; };
		60EE736F265BDB99006D497A /* Assets.xcassets */ = {isa = PBXFileReference; lastKnownFileType = folder.assetcatalog; path = Assets.xcassets; sourceTree = "<group>"; };
		60EE7372265BDB99006D497A /* Base */ = {isa = PBXFileReference; lastKnownFileType = file.storyboard; name = Base; path = Base.lproj/LaunchScreen.storyboard; sourceTree = "<group>"; };
		60EE7374265BDB99006D497A /* Info.plist */ = {isa = PBXFileReference; lastKnownFileType = text.plist.xml; path = Info.plist; sourceTree = "<group>"; };
		60EE7399265D4AA8006D497A /* HomeViewController.swift */ = {isa = PBXFileReference; lastKnownFileType = sourcecode.swift; path = HomeViewController.swift; sourceTree = "<group>"; };
		60EE739A265D4AA8006D497A /* HomeViewController.xib */ = {isa = PBXFileReference; lastKnownFileType = file.xib; path = HomeViewController.xib; sourceTree = "<group>"; };
		60EE73A0265E6A8B006D497A /* MovieGenreTableViewCell.swift */ = {isa = PBXFileReference; lastKnownFileType = sourcecode.swift; path = MovieGenreTableViewCell.swift; sourceTree = "<group>"; };
		60EE73A1265E6A8B006D497A /* MovieGenreTableViewCell.xib */ = {isa = PBXFileReference; lastKnownFileType = file.xib; path = MovieGenreTableViewCell.xib; sourceTree = "<group>"; };
/* End PBXFileReference section */

/* Begin PBXFrameworksBuildPhase section */
		60EE7360265BDB93006D497A /* Frameworks */ = {
			isa = PBXFrameworksBuildPhase;
			buildActionMask = 2147483647;
			files = (
			);
			runOnlyForDeploymentPostprocessing = 0;
		};
/* End PBXFrameworksBuildPhase section */

/* Begin PBXGroup section */
		60EE735A265BDB92006D497A = {
			isa = PBXGroup;
			children = (
				60EE7365265BDB93006D497A /* GoMovie */,
				60EE7364265BDB93006D497A /* Products */,
			);
			sourceTree = "<group>";
		};
		60EE7364265BDB93006D497A /* Products */ = {
			isa = PBXGroup;
			children = (
				60EE7363265BDB93006D497A /* GoMovie.app */,
			);
			name = Products;
			sourceTree = "<group>";
		};
		60EE7365265BDB93006D497A /* GoMovie */ = {
			isa = PBXGroup;
			children = (
				60EE7366265BDB93006D497A /* AppDelegate.swift */,
				60EE736F265BDB99006D497A /* Assets.xcassets */,
				60EE7371265BDB99006D497A /* LaunchScreen.storyboard */,
				60EE7374265BDB99006D497A /* Info.plist */,
				60EE7399265D4AA8006D497A /* HomeViewController.swift */,
				60EE739A265D4AA8006D497A /* HomeViewController.xib */,
				60EE73A0265E6A8B006D497A /* MovieGenreTableViewCell.swift */,
				60EE73A1265E6A8B006D497A /* MovieGenreTableViewCell.xib */,
			);
			path = GoMovie;
			sourceTree = "<group>";
		};
/* End PBXGroup section */

/* Begin PBXNativeTarget section */
		60EE7362265BDB93006D497A /* GoMovie */ = {
			isa = PBXNativeTarget;
			buildConfigurationList = 60EE7377265BDB99006D497A /* Build configuration list for PBXNativeTarget "GoMovie" */;
			buildPhases = (
				60EE735F265BDB93006D497A /* Sources */,
				60EE7360265BDB93006D497A /* Frameworks */,
				60EE7361265BDB93006D497A /* Resources */,
			);
			buildRules = (
			);
			dependencies = (
			);
			name = GoMovie;
			productName = GoMovie;
			productReference = 60EE7363265BDB93006D497A /* GoMovie.app */;
			productType = "com.apple.product-type.application";
		};
/* End PBXNativeTarget section */

/* Begin PBXProject section */
		60EE735B265BDB92006D497A /* Project object */ = {
			isa = PBXProject;
			attributes = {
				LastSwiftUpdateCheck = 1240;
				LastUpgradeCheck = 1240;
				TargetAttributes = {
					60EE7362265BDB93006D497A = {
						CreatedOnToolsVersion = 12.4;
					};
				};
			};
			buildConfigurationList = 60EE735E265BDB92006D497A /* Build configuration list for PBXProject "GoMovie" */;
			compatibilityVersion = "Xcode 9.3";
			developmentRegion = en;
			hasScannedForEncodings = 0;
			knownRegions = (
				en,
				Base,
			);
			mainGroup = 60EE735A265BDB92006D497A;
			productRefGroup = 60EE7364265BDB93006D497A /* Products */;
			projectDirPath = "";
			projectRoot = "";
			targets = (
				60EE7362265BDB93006D497A /* GoMovie */,
			);
		};
/* End PBXProject section */

/* Begin PBXResourcesBuildPhase section */
		60EE7361265BDB93006D497A /* Resources */ = {
			isa = PBXResourcesBuildPhase;
			buildActionMask = 2147483647;
			files = (
				60EE73A3265E6A8C006D497A /* MovieGenreTableViewCell.xib in Resources */,
				60EE7373265BDB99006D497A /* LaunchScreen.storyboard in Resources */,
				60EE7370265BDB99006D497A /* Assets.xcassets in Resources */,
				60EE739C265D4AA8006D497A /* HomeViewController.xib in Resources */,
			);
			runOnlyForDeploymentPostprocessing = 0;
		};
/* End PBXResourcesBuildPhase section */

/* Begin PBXSourcesBuildPhase section */
		60EE735F265BDB93006D497A /* Sources */ = {
			isa = PBXSourcesBuildPhase;
			buildActionMask = 2147483647;
			files = (
				60EE7367265BDB93006D497A /* AppDelegate.swift in Sources */,
				60EE73A2265E6A8C006D497A /* MovieGenreTableViewCell.swift in Sources */,
				60EE739B265D4AA8006D497A /* HomeViewController.swift in Sources */,
			);
			runOnlyForDeploymentPostprocessing = 0;
		};
/* End PBXSourcesBuildPhase section */

/* Begin PBXVariantGroup section */
		60EE7371265BDB99006D497A /* LaunchScreen.storyboard */ = {
			isa = PBXVariantGroup;
			children = (
				60EE7372265BDB99006D497A /* Base */,
			);
			name = LaunchScreen.storyboard;
			sourceTree = "<group>";
		};
/* End PBXVariantGroup section */

/* Begin XCBuildConfiguration section */
		60EE7375265BDB99006D497A /* Debug */ = {
			isa = XCBuildConfiguration;
			buildSettings = {
				ALWAYS_SEARCH_USER_PATHS = NO;
				CLANG_ANALYZER_NONNULL = YES;
				CLANG_ANALYZER_NUMBER_OBJECT_CONVERSION = YES_AGGRESSIVE;
				CLANG_CXX_LANGUAGE_STANDARD = "gnu++14";
				CLANG_CXX_LIBRARY = "libc++";
				CLANG_ENABLE_MODULES = YES;
				CLANG_ENABLE_OBJC_ARC = YES;
				CLANG_ENABLE_OBJC_WEAK = YES;
				CLANG_WARN_BLOCK_CAPTURE_AUTORELEASING = YES;
				CLANG_WARN_BOOL_CONVERSION = YES;
				CLANG_WARN_COMMA = YES;
				CLANG_WARN_CONSTANT_CONVERSION = YES;
				CLANG_WARN_DEPRECATED_OBJC_IMPLEMENTATIONS = YES;
				CLANG_WARN_DIRECT_OBJC_ISA_USAGE = YES_ERROR;
				CLANG_WARN_DOCUMENTATION_COMMENTS = YES;
				CLANG_WARN_EMPTY_BODY = YES;
				CLANG_WARN_ENUM_CONVERSION = YES;
				CLANG_WARN_INFINITE_RECURSION = YES;
				CLANG_WARN_INT_CONVERSION = YES;
				CLANG_WARN_NON_LITERAL_NULL_CONVERSION = YES;
				CLANG_WARN_OBJC_IMPLICIT_RETAIN_SELF = YES;
				CLANG_WARN_OBJC_LITERAL_CONVERSION = YES;
				CLANG_WARN_OBJC_ROOT_CLASS = YES_ERROR;
				CLANG_WARN_QUOTED_INCLUDE_IN_FRAMEWORK_HEADER = YES;
				CLANG_WARN_RANGE_LOOP_ANALYSIS = YES;
				CLANG_WARN_STRICT_PROTOTYPES = YES;
				CLANG_WARN_SUSPICIOUS_MOVE = YES;
				CLANG_WARN_UNGUARDED_AVAILABILITY = YES_AGGRESSIVE;
				CLANG_WARN_UNREACHABLE_CODE = YES;
				CLANG_WARN__DUPLICATE_METHOD_MATCH = YES;
				COPY_PHASE_STRIP = NO;
				DEBUG_INFORMATION_FORMAT = dwarf;
				ENABLE_STRICT_OBJC_MSGSEND = YES;
				ENABLE_TESTABILITY = YES;
				GCC_C_LANGUAGE_STANDARD = gnu11;
				GCC_DYNAMIC_NO_PIC = NO;
				GCC_NO_COMMON_BLOCKS = YES;
				GCC_OPTIMIZATION_LEVEL = 0;
				GCC_PREPROCESSOR_DEFINITIONS = (
					"DEBUG=1",
					"$(inherited)",
				);
				GCC_WARN_64_TO_32_BIT_CONVERSION = YES;
				GCC_WARN_ABOUT_RETURN_TYPE = YES_ERROR;
				GCC_WARN_UNDECLARED_SELECTOR = YES;
				GCC_WARN_UNINITIALIZED_AUTOS = YES_AGGRESSIVE;
				GCC_WARN_UNUSED_FUNCTION = YES;
				GCC_WARN_UNUSED_VARIABLE = YES;
				IPHONEOS_DEPLOYMENT_TARGET = 14.4;
				MTL_ENABLE_DEBUG_INFO = INCLUDE_SOURCE;
				MTL_FAST_MATH = YES;
				ONLY_ACTIVE_ARCH = YES;
				SDKROOT = iphoneos;
				SWIFT_ACTIVE_COMPILATION_CONDITIONS = DEBUG;
				SWIFT_OPTIMIZATION_LEVEL = "-Onone";
			};
			name = Debug;
		};
		60EE7376265BDB99006D497A /* Release */ = {
			isa = XCBuildConfiguration;
			buildSettings = {
				ALWAYS_SEARCH_USER_PATHS = NO;
				CLANG_ANALYZER_NONNULL = YES;
				CLANG_ANALYZER_NUMBER_OBJECT_CONVERSION = YES_AGGRESSIVE;
				CLANG_CXX_LANGUAGE_STANDARD = "gnu++14";
				CLANG_CXX_LIBRARY = "libc++";
				CLANG_ENABLE_MODULES = YES;
				CLANG_ENABLE_OBJC_ARC = YES;
				CLANG_ENABLE_OBJC_WEAK = YES;
				CLANG_WARN_BLOCK_CAPTURE_AUTORELEASING = YES;
				CLANG_WARN_BOOL_CONVERSION = YES;
				CLANG_WARN_COMMA = YES;
				CLANG_WARN_CONSTANT_CONVERSION = YES;
				CLANG_WARN_DEPRECATED_OBJC_IMPLEMENTATIONS = YES;
				CLANG_WARN_DIRECT_OBJC_ISA_USAGE = YES_ERROR;
				CLANG_WARN_DOCUMENTATION_COMMENTS = YES;
				CLANG_WARN_EMPTY_BODY = YES;
				CLANG_WARN_ENUM_CONVERSION = YES;
				CLANG_WARN_INFINITE_RECURSION = YES;
				CLANG_WARN_INT_CONVERSION = YES;
				CLANG_WARN_NON_LITERAL_NULL_CONVERSION = YES;
				CLANG_WARN_OBJC_IMPLICIT_RETAIN_SELF = YES;
				CLANG_WARN_OBJC_LITERAL_CONVERSION = YES;
				CLANG_WARN_OBJC_ROOT_CLASS = YES_ERROR;
				CLANG_WARN_QUOTED_INCLUDE_IN_FRAMEWORK_HEADER = YES;
				CLANG_WARN_RANGE_LOOP_ANALYSIS = YES;
				CLANG_WARN_STRICT_PROTOTYPES = YES;
				CLANG_WARN_SUSPICIOUS_MOVE = YES;
				CLANG_WARN_UNGUARDED_AVAILABILITY = YES_AGGRESSIVE;
				CLANG_WARN_UNREACHABLE_CODE = YES;
				CLANG_WARN__DUPLICATE_METHOD_MATCH = YES;
				COPY_PHASE_STRIP = NO;
				DEBUG_INFORMATION_FORMAT = "dwarf-with-dsym";
				ENABLE_NS_ASSERTIONS = NO;
				ENABLE_STRICT_OBJC_MSGSEND = YES;
				GCC_C_LANGUAGE_STANDARD = gnu11;
				GCC_NO_COMMON_BLOCKS = YES;
				GCC_WARN_64_TO_32_BIT_CONVERSION = YES;
				GCC_WARN_ABOUT_RETURN_TYPE = YES_ERROR;
				GCC_WARN_UNDECLARED_SELECTOR = YES;
				GCC_WARN_UNINITIALIZED_AUTOS = YES_AGGRESSIVE;
				GCC_WARN_UNUSED_FUNCTION = YES;
				GCC_WARN_UNUSED_VARIABLE = YES;
				IPHONEOS_DEPLOYMENT_TARGET = 14.4;
				MTL_ENABLE_DEBUG_INFO = NO;
				MTL_FAST_MATH = YES;
				SDKROOT = iphoneos;
				SWIFT_COMPILATION_MODE = wholemodule;
				SWIFT_OPTIMIZATION_LEVEL = "-O";
				VALIDATE_PRODUCT = YES;
			};
			name = Release;
		};
		60EE7378265BDB99006D497A /* Debug */ = {
			isa = XCBuildConfiguration;
			buildSettings = {
				ASSETCATALOG_COMPILER_APPICON_NAME = AppIcon;
				ASSETCATALOG_COMPILER_GLOBAL_ACCENT_COLOR_NAME = AccentColor;
				CODE_SIGN_STYLE = Automatic;
				DEVELOPMENT_TEAM = 6VT88Q2XM7;
				INFOPLIST_FILE = GoMovie/Info.plist;
				LD_RUNPATH_SEARCH_PATHS = (
					"$(inherited)",
					"@executable_path/Frameworks",
				);
				PRODUCT_BUNDLE_IDENTIFIER = iskandarherputra.GoMovie;
				PRODUCT_NAME = "$(TARGET_NAME)";
				SWIFT_VERSION = 5.0;
				TARGETED_DEVICE_FAMILY = "1,2";
			};
			name = Debug;
		};
		60EE7379265BDB99006D497A /* Release */ = {
			isa = XCBuildConfiguration;
			buildSettings = {
				ASSETCATALOG_COMPILER_APPICON_NAME = AppIcon;
				ASSETCATALOG_COMPILER_GLOBAL_ACCENT_COLOR_NAME = AccentColor;
				CODE_SIGN_STYLE = Automatic;
				DEVELOPMENT_TEAM = 6VT88Q2XM7;
				INFOPLIST_FILE = GoMovie/Info.plist;
				LD_RUNPATH_SEARCH_PATHS = (
					"$(inherited)",
					"@executable_path/Frameworks",
				);
				PRODUCT_BUNDLE_IDENTIFIER = iskandarherputra.GoMovie;
				PRODUCT_NAME = "$(TARGET_NAME)";
				SWIFT_VERSION = 5.0;
				TARGETED_DEVICE_FAMILY = "1,2";
			};
			name = Release;
		};
/* End XCBuildConfiguration section */

/* Begin XCConfigurationList section */
		60EE735E265BDB92006D497A /* Build configuration list for PBXProject "GoMovie" */ = {
			isa = XCConfigurationList;
			buildConfigurations = (
				60EE7375265BDB99006D497A /* Debug */,
				60EE7376265BDB99006D497A /* Release */,
			);
			defaultConfigurationIsVisible = 0;
			defaultConfigurationName = Release;
		};
		60EE7377265BDB99006D497A /* Build configuration list for PBXNativeTarget "GoMovie" */ = {
			isa = XCConfigurationList;
			buildConfigurations = (
				60EE7378265BDB99006D497A /* Debug */,
				60EE7379265BDB99006D497A /* Release */,
			);
			defaultConfigurationIsVisible = 0;
			defaultConfigurationName = Release;
		};
/* End XCConfigurationList section */
	};
	rootObject = 60EE735B265BDB92006D497A /* Project object */;
}
